
Microsoft Visual Studio Solution File, Format Version 12.00
# Visual Studio Version 17
VisualStudioVersion = 17.4.33213.308
MinimumVisualStudioVersion = 10.0.40219.1
Project("{FAE04EC0-301F-11D3-BF4B-00C04F79EFBC}") = "TelstarLogisticsSystem", "TelstarLogisticsSystem\TelstarLogisticsSystem.csproj", "{8C5BC3A0-393E-40E3-95BD-D805382A7281}"
EndProject
Global
	GlobalSection(SolutionConfigurationPlatforms) = preSolution
		Debug|Any CPU = Debug|Any CPU
		Release|Any CPU = Release|Any CPU
	EndGlobalSection
	GlobalSection(ProjectConfigurationPlatforms) = postSolution
		{8C5BC3A0-393E-40E3-95BD-D805382A7281}.Debug|Any CPU.ActiveCfg = Debug|Any CPU
		{8C5BC3A0-393E-40E3-95BD-D805382A7281}.Debug|Any CPU.Build.0 = Debug|Any CPU
		{8C5BC3A0-393E-40E3-95BD-D805382A7281}.Release|Any CPU.ActiveCfg = Release|Any CPU
		{8C5BC3A0-393E-40E3-95BD-D805382A7281}.Release|Any CPU.Build.0 = Release|Any CPU
	EndGlobalSection
	GlobalSection(SolutionProperties) = preSolution
		HideSolutionNode = FALSE
	EndGlobalSection
	GlobalSection(ExtensibilityGlobals) = postSolution
		SolutionGuid = {C519C84B-04A6-4988-8C68-731518386C88}
	EndGlobalSection
EndGlobal
